
Microsoft Visual Studio Solution File, Format Version 12.00
# Visual Studio Version 16
VisualStudioVersion = 16.0.30406.217
MinimumVisualStudioVersion = 10.0.40219.1
Project("{2150E333-8FDC-42A3-9474-1A3956D46DE8}") = "01-konstrukcije-jezika", "01-konstrukcije-jezika", "{C581030E-4957-438C-A2A9-0E98A3AE86A8}"
EndProject
Project("{2150E333-8FDC-42A3-9474-1A3956D46DE8}") = "12-generics", "12-generics", "{696373B6-197F-4E5D-AC49-649E46D4C20E}"
EndProject
Project("{2150E333-8FDC-42A3-9474-1A3956D46DE8}") = "14-async-prog", "14-async-prog", "{D627C438-F80E-44DF-993A-27D374380887}"
EndProject
Project("{FAE04EC0-301F-11D3-BF4B-00C04F79EFBC}") = "WPFUserInterface", "01-konstrukcije-jezika\14-async-prog\01-async-await\WPFUserInterface.csproj", "{14FE9A43-1A16-4CC4-9EF5-8F0E22EBB8C0}"
EndProject
Project("{2150E333-8FDC-42A3-9474-1A3956D46DE8}") = "01-functions", "01-functions", "{F286B384-5CB5-437F-8637-CF492457CFEC}"
EndProject
Project("{2150E333-8FDC-42A3-9474-1A3956D46DE8}") = "02-classes", "02-classes", "{BE20BD4C-018E-42D9-AFB6-C645D98E2F58}"
EndProject
Project("{2150E333-8FDC-42A3-9474-1A3956D46DE8}") = "03-interfaces", "03-interfaces", "{B398D1DD-4406-4A37-9687-882132A46F3E}"
EndProject
Project("{2150E333-8FDC-42A3-9474-1A3956D46DE8}") = "04-properties", "04-properties", "{42ABAE0A-82C0-4BF7-AD76-E747F7D4EA65}"
EndProject
Project("{2150E333-8FDC-42A3-9474-1A3956D46DE8}") = "05-enums", "05-enums", "{D26D3032-3E78-4920-A3CA-A28147768932}"
EndProject
Project("{2150E333-8FDC-42A3-9474-1A3956D46DE8}") = "06-indexers", "06-indexers", "{F28A7485-FC81-4041-AF38-EB0603908832}"
EndProject
Project("{2150E333-8FDC-42A3-9474-1A3956D46DE8}") = "07-tuples", "07-tuples", "{41C6B9EA-8D57-4ED8-9EB4-3C76483F38EA}"
EndProject
Project("{2150E333-8FDC-42A3-9474-1A3956D46DE8}") = "08-structures", "08-structures", "{EA9C9B10-2751-4EBC-B50C-4D9B5D36B32D}"
EndProject
Project("{2150E333-8FDC-42A3-9474-1A3956D46DE8}") = "09-delegates", "09-delegates", "{9ED8C355-A386-4068-9C23-38983C0FF885}"
EndProject
Project("{2150E333-8FDC-42A3-9474-1A3956D46DE8}") = "10-events", "10-events", "{9D8298D5-E08F-4A28-B17E-3CE78BEEAACE}"
EndProject
Project("{2150E333-8FDC-42A3-9474-1A3956D46DE8}") = "11-lambdas", "11-lambdas", "{3593D11D-02D2-41E4-AA2E-93995A6942C3}"
EndProject
Project("{2150E333-8FDC-42A3-9474-1A3956D46DE8}") = "13-collections", "13-collections", "{E3EBF351-D33E-43E6-ADF8-A8688C6C0609}"
EndProject
Project("{2150E333-8FDC-42A3-9474-1A3956D46DE8}") = "15-linq", "15-linq", "{7BF15686-D9C3-4F6B-B696-E79CACF47E69}"
EndProject
Project("{2150E333-8FDC-42A3-9474-1A3956D46DE8}") = "16-atributes", "16-atributes", "{1C1C4429-92B9-4FBF-AFF6-D874E60CA5F6}"
EndProject
Project("{2150E333-8FDC-42A3-9474-1A3956D46DE8}") = "17-documenation", "17-documenation", "{5174DE51-F1D7-4FFB-AAB8-E1BAEDA94B40}"
EndProject
Project("{9A19103F-16F7-4668-BE54-9A1E7A4F7556}") = "01.simple.case", "01-konstrukcije-jezika\01-functions\01-simple-case\01.simple.case.csproj", "{2EE7C9C0-553E-4E87-9996-15F19EDD8CB1}"
EndProject
Project("{9A19103F-16F7-4668-BE54-9A1E7A4F7556}") = "02.optional.params", "01-konstrukcije-jezika\01-functions\02-optional-params\02.optional.params.csproj", "{13371851-D5AD-4C44-934A-D6E9ECEF2D74}"
EndProject
Global
	GlobalSection(SolutionConfigurationPlatforms) = preSolution
		Debug|Any CPU = Debug|Any CPU
		Release|Any CPU = Release|Any CPU
	EndGlobalSection
	GlobalSection(ProjectConfigurationPlatforms) = postSolution
		{14FE9A43-1A16-4CC4-9EF5-8F0E22EBB8C0}.Debug|Any CPU.ActiveCfg = Debug|Any CPU
		{14FE9A43-1A16-4CC4-9EF5-8F0E22EBB8C0}.Debug|Any CPU.Build.0 = Debug|Any CPU
		{14FE9A43-1A16-4CC4-9EF5-8F0E22EBB8C0}.Release|Any CPU.ActiveCfg = Release|Any CPU
		{14FE9A43-1A16-4CC4-9EF5-8F0E22EBB8C0}.Release|Any CPU.Build.0 = Release|Any CPU
		{2EE7C9C0-553E-4E87-9996-15F19EDD8CB1}.Debug|Any CPU.ActiveCfg = Debug|Any CPU
		{2EE7C9C0-553E-4E87-9996-15F19EDD8CB1}.Debug|Any CPU.Build.0 = Debug|Any CPU
		{2EE7C9C0-553E-4E87-9996-15F19EDD8CB1}.Release|Any CPU.ActiveCfg = Release|Any CPU
		{2EE7C9C0-553E-4E87-9996-15F19EDD8CB1}.Release|Any CPU.Build.0 = Release|Any CPU
		{13371851-D5AD-4C44-934A-D6E9ECEF2D74}.Debug|Any CPU.ActiveCfg = Debug|Any CPU
		{13371851-D5AD-4C44-934A-D6E9ECEF2D74}.Debug|Any CPU.Build.0 = Debug|Any CPU
		{13371851-D5AD-4C44-934A-D6E9ECEF2D74}.Release|Any CPU.ActiveCfg = Release|Any CPU
		{13371851-D5AD-4C44-934A-D6E9ECEF2D74}.Release|Any CPU.Build.0 = Release|Any CPU
	EndGlobalSection
	GlobalSection(SolutionProperties) = preSolution
		HideSolutionNode = FALSE
	EndGlobalSection
	GlobalSection(NestedProjects) = preSolution
		{696373B6-197F-4E5D-AC49-649E46D4C20E} = {C581030E-4957-438C-A2A9-0E98A3AE86A8}
		{D627C438-F80E-44DF-993A-27D374380887} = {C581030E-4957-438C-A2A9-0E98A3AE86A8}
		{14FE9A43-1A16-4CC4-9EF5-8F0E22EBB8C0} = {D627C438-F80E-44DF-993A-27D374380887}
		{F286B384-5CB5-437F-8637-CF492457CFEC} = {C581030E-4957-438C-A2A9-0E98A3AE86A8}
		{BE20BD4C-018E-42D9-AFB6-C645D98E2F58} = {C581030E-4957-438C-A2A9-0E98A3AE86A8}
		{B398D1DD-4406-4A37-9687-882132A46F3E} = {C581030E-4957-438C-A2A9-0E98A3AE86A8}
		{42ABAE0A-82C0-4BF7-AD76-E747F7D4EA65} = {C581030E-4957-438C-A2A9-0E98A3AE86A8}
		{D26D3032-3E78-4920-A3CA-A28147768932} = {C581030E-4957-438C-A2A9-0E98A3AE86A8}
		{F28A7485-FC81-4041-AF38-EB0603908832} = {C581030E-4957-438C-A2A9-0E98A3AE86A8}
		{41C6B9EA-8D57-4ED8-9EB4-3C76483F38EA} = {C581030E-4957-438C-A2A9-0E98A3AE86A8}
		{EA9C9B10-2751-4EBC-B50C-4D9B5D36B32D} = {C581030E-4957-438C-A2A9-0E98A3AE86A8}
		{9ED8C355-A386-4068-9C23-38983C0FF885} = {C581030E-4957-438C-A2A9-0E98A3AE86A8}
		{9D8298D5-E08F-4A28-B17E-3CE78BEEAACE} = {C581030E-4957-438C-A2A9-0E98A3AE86A8}
		{3593D11D-02D2-41E4-AA2E-93995A6942C3} = {C581030E-4957-438C-A2A9-0E98A3AE86A8}
		{E3EBF351-D33E-43E6-ADF8-A8688C6C0609} = {C581030E-4957-438C-A2A9-0E98A3AE86A8}
		{7BF15686-D9C3-4F6B-B696-E79CACF47E69} = {C581030E-4957-438C-A2A9-0E98A3AE86A8}
		{1C1C4429-92B9-4FBF-AFF6-D874E60CA5F6} = {C581030E-4957-438C-A2A9-0E98A3AE86A8}
		{5174DE51-F1D7-4FFB-AAB8-E1BAEDA94B40} = {C581030E-4957-438C-A2A9-0E98A3AE86A8}
		{2EE7C9C0-553E-4E87-9996-15F19EDD8CB1} = {F286B384-5CB5-437F-8637-CF492457CFEC}
		{13371851-D5AD-4C44-934A-D6E9ECEF2D74} = {F286B384-5CB5-437F-8637-CF492457CFEC}
	EndGlobalSection
	GlobalSection(ExtensibilityGlobals) = postSolution
		SolutionGuid = {9A88110C-6C4D-4227-A047-05BE7B639B9F}
	EndGlobalSection
EndGlobal
