
Microsoft Visual Studio Solution File, Format Version 12.00
# Visual Studio Version 16
VisualStudioVersion = 16.0.30406.217
MinimumVisualStudioVersion = 10.0.40219.1
Project("{2150E333-8FDC-42A3-9474-1A3956D46DE8}") = "01-konstrukcije-jezika", "01-konstrukcije-jezika", "{C581030E-4957-438C-A2A9-0E98A3AE86A8}"
EndProject
Project("{2150E333-8FDC-42A3-9474-1A3956D46DE8}") = "11-generics", "11-generics", "{696373B6-197F-4E5D-AC49-649E46D4C20E}"
EndProject
Project("{2150E333-8FDC-42A3-9474-1A3956D46DE8}") = "14-async-prog", "14-async-prog", "{D627C438-F80E-44DF-993A-27D374380887}"
EndProject
Project("{2150E333-8FDC-42A3-9474-1A3956D46DE8}") = "01-functions", "01-functions", "{F286B384-5CB5-437F-8637-CF492457CFEC}"
EndProject
Project("{2150E333-8FDC-42A3-9474-1A3956D46DE8}") = "02-classes", "02-classes", "{BE20BD4C-018E-42D9-AFB6-C645D98E2F58}"
EndProject
Project("{2150E333-8FDC-42A3-9474-1A3956D46DE8}") = "03-interfaces", "03-interfaces", "{B398D1DD-4406-4A37-9687-882132A46F3E}"
EndProject
Project("{2150E333-8FDC-42A3-9474-1A3956D46DE8}") = "04-properties", "04-properties", "{42ABAE0A-82C0-4BF7-AD76-E747F7D4EA65}"
EndProject
Project("{2150E333-8FDC-42A3-9474-1A3956D46DE8}") = "05-enums", "05-enums", "{D26D3032-3E78-4920-A3CA-A28147768932}"
EndProject
Project("{2150E333-8FDC-42A3-9474-1A3956D46DE8}") = "06-indexers", "06-indexers", "{F28A7485-FC81-4041-AF38-EB0603908832}"
EndProject
Project("{2150E333-8FDC-42A3-9474-1A3956D46DE8}") = "12-tuples", "12-tuples", "{41C6B9EA-8D57-4ED8-9EB4-3C76483F38EA}"
EndProject
Project("{2150E333-8FDC-42A3-9474-1A3956D46DE8}") = "09-structures", "09-structures", "{EA9C9B10-2751-4EBC-B50C-4D9B5D36B32D}"
EndProject
Project("{2150E333-8FDC-42A3-9474-1A3956D46DE8}") = "07-delegates", "07-delegates", "{9ED8C355-A386-4068-9C23-38983C0FF885}"
	ProjectSection(SolutionItems) = preProject
		01-konstrukcije-jezika\delegates\99a-delegates-demo-start\DemoLibrary\README.md = 01-konstrukcije-jezika\delegates\99a-delegates-demo-start\DemoLibrary\README.md
	EndProjectSection
EndProject
Project("{2150E333-8FDC-42A3-9474-1A3956D46DE8}") = "08-events", "08-events", "{9D8298D5-E08F-4A28-B17E-3CE78BEEAACE}"
EndProject
Project("{2150E333-8FDC-42A3-9474-1A3956D46DE8}") = "10-lambdas", "10-lambdas", "{3593D11D-02D2-41E4-AA2E-93995A6942C3}"
EndProject
Project("{2150E333-8FDC-42A3-9474-1A3956D46DE8}") = "13-collections", "13-collections", "{E3EBF351-D33E-43E6-ADF8-A8688C6C0609}"
EndProject
Project("{2150E333-8FDC-42A3-9474-1A3956D46DE8}") = "15-linq", "15-linq", "{7BF15686-D9C3-4F6B-B696-E79CACF47E69}"
EndProject
Project("{2150E333-8FDC-42A3-9474-1A3956D46DE8}") = "16-atributes", "16-atributes", "{1C1C4429-92B9-4FBF-AFF6-D874E60CA5F6}"
EndProject
Project("{2150E333-8FDC-42A3-9474-1A3956D46DE8}") = "17-documenation", "17-documenation", "{5174DE51-F1D7-4FFB-AAB8-E1BAEDA94B40}"
EndProject
Project("{9A19103F-16F7-4668-BE54-9A1E7A4F7556}") = "01.simple.case", "01-konstrukcije-jezika\functions\01-simple-case\01.simple.case.csproj", "{2EE7C9C0-553E-4E87-9996-15F19EDD8CB1}"
EndProject
Project("{9A19103F-16F7-4668-BE54-9A1E7A4F7556}") = "02.optional.params", "01-konstrukcije-jezika\functions\02-optional-params\02.optional.params.csproj", "{13371851-D5AD-4C44-934A-D6E9ECEF2D74}"
EndProject
Project("{9A19103F-16F7-4668-BE54-9A1E7A4F7556}") = "03.out.params", "01-konstrukcije-jezika\functions\03-out-param\03.out.params.csproj", "{D97993EB-8357-4CE2-8B81-47387A3DCF1E}"
EndProject
Project("{9A19103F-16F7-4668-BE54-9A1E7A4F7556}") = "04.ref.params", "01-konstrukcije-jezika\functions\04-ref-params\04.ref.params.csproj", "{3749779F-4050-4847-AF34-DA6698209347}"
EndProject
Project("{9A19103F-16F7-4668-BE54-9A1E7A4F7556}") = "05.ref.params.class", "01-konstrukcije-jezika\functions\05-ref-params-class\05.ref.params.class.csproj", "{1527472C-9D63-429C-9CAB-6CF572EFA877}"
EndProject
Project("{9A19103F-16F7-4668-BE54-9A1E7A4F7556}") = "06.extension.methods", "01-konstrukcije-jezika\functions\06-extensions\06.extension.methods.csproj", "{879D9B12-2F17-44ED-A9D7-3E9C0F71E171}"
EndProject
Project("{9A19103F-16F7-4668-BE54-9A1E7A4F7556}") = "01.modifiers.public", "01-konstrukcije-jezika\classes\01-modifiers-public\01.modifiers.public.csproj", "{324A15D8-B0CB-4142-9A62-C7CAA3F9BE07}"
EndProject
Project("{9A19103F-16F7-4668-BE54-9A1E7A4F7556}") = "02.modifiers.protected", "01-konstrukcije-jezika\classes\02-modifiers-protected\02.modifiers.protected.csproj", "{5BBFDA24-17EB-4778-8369-35D461F894D1}"
EndProject
Project("{9A19103F-16F7-4668-BE54-9A1E7A4F7556}") = "03.modifiers.internal", "01-konstrukcije-jezika\classes\03-modifiers-internal\03.modifiers.internal.csproj", "{9A9662DC-8877-4E7F-B16F-6949A4A53830}"
EndProject
Project("{9A19103F-16F7-4668-BE54-9A1E7A4F7556}") = "04.modifiers.protected.internal", "01-konstrukcije-jezika\classes\04-modifiers-protected-internal\04.modifiers.protected.internal.csproj", "{9BD40D09-7662-4A5C-A052-D36AC733AF52}"
EndProject
Project("{9A19103F-16F7-4668-BE54-9A1E7A4F7556}") = "05.modifiers.private", "01-konstrukcije-jezika\classes\05-modifiers-private\05.modifiers.private.csproj", "{45239668-1655-4613-951D-E091EBC38A72}"
EndProject
Project("{9A19103F-16F7-4668-BE54-9A1E7A4F7556}") = "06.modifiers.private.protected", "01-konstrukcije-jezika\classes\06-modifiers-private-protected\06.modifiers.private.protected.csproj", "{9E7948C1-5BA3-4CEA-BB21-5F8262163C32}"
EndProject
Project("{9A19103F-16F7-4668-BE54-9A1E7A4F7556}") = "07.method.override", "01-konstrukcije-jezika\classes\07-override\07.method.override.csproj", "{A61DB97F-8D50-4E17-ABF1-92FC76C038D6}"
EndProject
Project("{9A19103F-16F7-4668-BE54-9A1E7A4F7556}") = "08.method.new.hide", "01-konstrukcije-jezika\classes\08-hide\08.method.new.hide.csproj", "{C9439B37-568D-4024-BD79-3720395019FB}"
EndProject
Project("{9A19103F-16F7-4668-BE54-9A1E7A4F7556}") = "10.partial.class", "01-konstrukcije-jezika\classes\09-partial-class\10.partial.class.csproj", "{508A1388-AC28-46ED-9C73-3CA800AFE397}"
EndProject
Project("{9A19103F-16F7-4668-BE54-9A1E7A4F7556}") = "01.implements", "01-konstrukcije-jezika\interfaces\01-implements\01.implements.csproj", "{6C0B718D-D05B-4F5D-AA5B-A2AFA9B105BD}"
EndProject
Project("{9A19103F-16F7-4668-BE54-9A1E7A4F7556}") = "02.iplements.explicit", "01-konstrukcije-jezika\interfaces\02-implements-explicit\02.iplements.explicit.csproj", "{70EE7804-4B77-4B79-8FAB-6B894CE98462}"
EndProject
Project("{9A19103F-16F7-4668-BE54-9A1E7A4F7556}") = "01.simple.prpoperty", "01-konstrukcije-jezika\properties\01-simple-case\01.simple.prpoperty.csproj", "{6498546D-43F1-4F4A-91F7-8BD09B9E4E06}"
EndProject
Project("{9A19103F-16F7-4668-BE54-9A1E7A4F7556}") = "02.property.backing.field", "01-konstrukcije-jezika\properties\02-backing-field\02.property.backing.field.csproj", "{183F90B4-2DEE-46FA-B241-6259C93AEFA8}"
EndProject
Project("{9A19103F-16F7-4668-BE54-9A1E7A4F7556}") = "03.prpoperty.hiding", "01-konstrukcije-jezika\properties\03-property-hide-base-class\03.prpoperty.hiding.csproj", "{DF02DA41-E9DB-4BF8-B0ED-FBE6BC7B1ECC}"
EndProject
Project("{9A19103F-16F7-4668-BE54-9A1E7A4F7556}") = "04.property.abstract", "01-konstrukcije-jezika\properties\04-property-abstract\04.property.abstract.csproj", "{66B49A6D-6370-4B21-81B5-98B5F73F5EF3}"
EndProject
Project("{9A19103F-16F7-4668-BE54-9A1E7A4F7556}") = "01.simple.enum", "01-konstrukcije-jezika\enums\01-simple-case\01.simple.enum.csproj", "{1021AD4A-0876-4E08-895B-21F52DAD35E0}"
EndProject
Project("{9A19103F-16F7-4668-BE54-9A1E7A4F7556}") = "07.lambda.expression.in.interface", "01-konstrukcije-jezika\lambdas\07-expression-body-in-interface\07.lambda.expression.in.interface.csproj", "{8BED4014-8DFA-48F3-86C5-BA5D7AE99875}"
EndProject
Project("{9A19103F-16F7-4668-BE54-9A1E7A4F7556}") = "08.auto.implemented.properties", "01-konstrukcije-jezika\lambdas\08-auto-implemented-properties\08.auto.implemented.properties.csproj", "{C13E9E7E-3A72-4C7D-9A09-EBBFCCFAEB44}"
EndProject
Project("{9A19103F-16F7-4668-BE54-9A1E7A4F7556}") = "09.initialization.expression", "01-konstrukcije-jezika\lambdas\09-initialization-expression\09.initialization.expression.csproj", "{CEB1E188-D919-47A9-A006-8DCDF0FA428C}"
EndProject
Project("{9A19103F-16F7-4668-BE54-9A1E7A4F7556}") = "01.generic.list", "01-konstrukcije-jezika\generics\01-generic-list\01.generic.list.csproj", "{88BCE881-29C5-4B85-8A9B-FBEEFFCF26A6}"
EndProject
Project("{9A19103F-16F7-4668-BE54-9A1E7A4F7556}") = "02.interface.equitable", "01-konstrukcije-jezika\generics\02-interface-equatable\02.interface.equitable.csproj", "{546D79B0-39A4-4494-BB7B-5FE7442C0C80}"
EndProject
Project("{FAE04EC0-301F-11D3-BF4B-00C04F79EFBC}") = "02-async.advanced.wpf", "01-konstrukcije-jezika\async-prog\02-async-await-advanced\02-async.advanced.wpf.csproj", "{A06EE4C4-8869-4805-9FF9-2655E795E6F1}"
EndProject
Project("{9A19103F-16F7-4668-BE54-9A1E7A4F7556}") = "01.simple.delegate", "01-konstrukcije-jezika\delegates\01-simple-delegate\01.simple.delegate.csproj", "{2B7F75B1-7BE0-4292-A766-0A25E8720602}"
EndProject
Project("{9A19103F-16F7-4668-BE54-9A1E7A4F7556}") = "10.lambda.delegate", "01-konstrukcije-jezika\lambdas\10-lambda-delegate\10.lambda.delegate.csproj", "{4A290397-C247-467F-BBFC-6BE2654D0CD8}"
EndProject
Project("{9A19103F-16F7-4668-BE54-9A1E7A4F7556}") = "02.delegates.as.parameters", "01-konstrukcije-jezika\delegates\02-delagates-as-parameters\02.delegates.as.parameters.csproj", "{48526468-ECE9-4AB7-BD2A-6964BAE6976C}"
EndProject
Project("{2150E333-8FDC-42A3-9474-1A3956D46DE8}") = "99a-delegates-demo-start", "99a-delegates-demo-start", "{42F4CD20-E366-489B-9090-8B817F9DFAE6}"
EndProject
Project("{2150E333-8FDC-42A3-9474-1A3956D46DE8}") = "99b-delegates-demo-end", "99b-delegates-demo-end", "{947CE22C-331B-4B9B-AFBD-8A8FE3692C81}"
EndProject
Project("{FAE04EC0-301F-11D3-BF4B-00C04F79EFBC}") = "DemoLibrary", "01-konstrukcije-jezika\delegates\99a-delegates-demo-start\DemoLibrary\DemoLibrary.csproj", "{F9EDC9C4-32E4-4534-81F9-B183831E13B7}"
EndProject
Project("{FAE04EC0-301F-11D3-BF4B-00C04F79EFBC}") = "ConsoleUI", "01-konstrukcije-jezika\delegates\99a-delegates-demo-start\ConsoleUI\ConsoleUI.csproj", "{E99F86D7-A6F2-46A4-870C-1DDC12F32864}"
EndProject
Project("{FAE04EC0-301F-11D3-BF4B-00C04F79EFBC}") = "WinFormUI", "01-konstrukcije-jezika\delegates\99a-delegates-demo-start\WinFormUI\WinFormUI.csproj", "{4CA4F857-EE02-48B8-B04D-2FEB0E4B93AE}"
EndProject
Project("{FAE04EC0-301F-11D3-BF4B-00C04F79EFBC}") = "DemoLibrary", "01-konstrukcije-jezika\delegates\99b-delegates-demo-end\DemoLibrary\DemoLibrary.csproj", "{CFF0DF34-8A91-4132-A5C6-FB7340287AF9}"
EndProject
Project("{FAE04EC0-301F-11D3-BF4B-00C04F79EFBC}") = "ConsoleUI", "01-konstrukcije-jezika\delegates\99b-delegates-demo-end\ConsoleUI\ConsoleUI.csproj", "{E5CBDDA2-1F54-44DB-BCFF-3C74C33FA96A}"
EndProject
Project("{FAE04EC0-301F-11D3-BF4B-00C04F79EFBC}") = "WinFormUI", "01-konstrukcije-jezika\delegates\99b-delegates-demo-end\WinFormUI\WinFormUI.csproj", "{61EF5826-5B29-4AD1-8780-0C20487681BE}"
EndProject
Project("{9A19103F-16F7-4668-BE54-9A1E7A4F7556}") = "03.multicast.delegates", "01-konstrukcije-jezika\delegates\03-multicast-delgates\03.multicast.delegates.csproj", "{EB471510-2D79-4533-A041-39518457CC28}"
EndProject
Project("{9A19103F-16F7-4668-BE54-9A1E7A4F7556}") = "03.generic.delegate", "01-konstrukcije-jezika\generics\03-generic-delegate\03.generic.delegate.csproj", "{ABCFE6F2-9F37-41F5-AF59-B3DA5BD752D9}"
EndProject
Project("{9A19103F-16F7-4668-BE54-9A1E7A4F7556}") = "02.conversion.enum", "01-konstrukcije-jezika\enums\02-conversion-enum\02.conversion.enum.csproj", "{42C8802B-7612-4034-B89F-0B8CD1C88ED4}"
EndProject
Project("{9A19103F-16F7-4668-BE54-9A1E7A4F7556}") = "04.func.delegate", "01-konstrukcije-jezika\generics\04-func-delegate\04.func.delegate.csproj", "{DFEA99CD-1F0C-4FA5-9F60-EFB97267B89B}"
EndProject
Project("{9A19103F-16F7-4668-BE54-9A1E7A4F7556}") = "05.action.delegate", "01-konstrukcije-jezika\generics\05-action-delegate\05.action.delegate.csproj", "{BB719597-06BE-4E2F-9952-7A80351C85FE}"
EndProject
Project("{9A19103F-16F7-4668-BE54-9A1E7A4F7556}") = "06.predicate.delegate", "01-konstrukcije-jezika\generics\06-predicate-delegate\06.predicate.delegate.csproj", "{33620776-03A0-4311-BEEC-E69FDE7FAA10}"
EndProject
Project("{9A19103F-16F7-4668-BE54-9A1E7A4F7556}") = "01.simple.indexer", "01-konstrukcije-jezika\indexers\01-simple-inedexer\01.simple.indexer.csproj", "{A1153324-5097-4BDE-B91A-49A204BFAD65}"
EndProject
Project("{9A19103F-16F7-4668-BE54-9A1E7A4F7556}") = "11.lambda.indexer", "01-konstrukcije-jezika\lambdas\11-lambda-inedexer\11.lambda.indexer.csproj", "{81B345E9-F52B-417A-9893-84F2849C6079}"
EndProject
Project("{9A19103F-16F7-4668-BE54-9A1E7A4F7556}") = "07.generic.indexer", "01-konstrukcije-jezika\generics\07-generic-inedexer\07.generic.indexer.csproj", "{71BB6E84-C6F1-456E-A974-84687177068F}"
EndProject
Project("{9A19103F-16F7-4668-BE54-9A1E7A4F7556}") = "02.indexer.overload", "01-konstrukcije-jezika\indexers\02-indexer-overload\02.indexer.overload.csproj", "{30211798-4D78-4E8E-B024-D6A7FB7C34DE}"
EndProject
Project("{9A19103F-16F7-4668-BE54-9A1E7A4F7556}") = "01.simple.structure", "01-konstrukcije-jezika\structures\01-simple-structure\01.simple.structure.csproj", "{04CFD0D8-39B7-4B8D-A029-1BB2FC454DA2}"
EndProject
Project("{FAE04EC0-301F-11D3-BF4B-00C04F79EFBC}") = "01.async.simple.wpf", "01-konstrukcije-jezika\async-prog\01-async-await\01.async.simple.wpf.csproj", "{14FE9A43-1A16-4CC4-9EF5-8F0E22EBB8C0}"
EndProject
Project("{9A19103F-16F7-4668-BE54-9A1E7A4F7556}") = "01.simple.event", "01-konstrukcije-jezika\events\01-simple-event\01.simple.event.csproj", "{D8938A4C-88E9-474A-A303-45FD5683D837}"
EndProject
Project("{9A19103F-16F7-4668-BE54-9A1E7A4F7556}") = "02.event.handler", "01-konstrukcije-jezika\events\02-event-handler\02.event.handler.csproj", "{FB89916A-1ECB-4AA5-888F-8C11F647374D}"
EndProject
Project("{9A19103F-16F7-4668-BE54-9A1E7A4F7556}") = "10.operator.overload", "01-konstrukcije-jezika\classes\10-operator-overload\10.operator.overload.csproj", "{5AD6F1C5-05FB-41B9-A8A4-7AAC2C7C78F4}"
EndProject
Global
	GlobalSection(SolutionConfigurationPlatforms) = preSolution
		Debug|Any CPU = Debug|Any CPU
		Release|Any CPU = Release|Any CPU
	EndGlobalSection
	GlobalSection(ProjectConfigurationPlatforms) = postSolution
		{2EE7C9C0-553E-4E87-9996-15F19EDD8CB1}.Debug|Any CPU.ActiveCfg = Debug|Any CPU
		{2EE7C9C0-553E-4E87-9996-15F19EDD8CB1}.Debug|Any CPU.Build.0 = Debug|Any CPU
		{2EE7C9C0-553E-4E87-9996-15F19EDD8CB1}.Release|Any CPU.ActiveCfg = Release|Any CPU
		{2EE7C9C0-553E-4E87-9996-15F19EDD8CB1}.Release|Any CPU.Build.0 = Release|Any CPU
		{13371851-D5AD-4C44-934A-D6E9ECEF2D74}.Debug|Any CPU.ActiveCfg = Debug|Any CPU
		{13371851-D5AD-4C44-934A-D6E9ECEF2D74}.Debug|Any CPU.Build.0 = Debug|Any CPU
		{13371851-D5AD-4C44-934A-D6E9ECEF2D74}.Release|Any CPU.ActiveCfg = Release|Any CPU
		{13371851-D5AD-4C44-934A-D6E9ECEF2D74}.Release|Any CPU.Build.0 = Release|Any CPU
		{D97993EB-8357-4CE2-8B81-47387A3DCF1E}.Debug|Any CPU.ActiveCfg = Debug|Any CPU
		{D97993EB-8357-4CE2-8B81-47387A3DCF1E}.Debug|Any CPU.Build.0 = Debug|Any CPU
		{D97993EB-8357-4CE2-8B81-47387A3DCF1E}.Release|Any CPU.ActiveCfg = Release|Any CPU
		{D97993EB-8357-4CE2-8B81-47387A3DCF1E}.Release|Any CPU.Build.0 = Release|Any CPU
		{3749779F-4050-4847-AF34-DA6698209347}.Debug|Any CPU.ActiveCfg = Debug|Any CPU
		{3749779F-4050-4847-AF34-DA6698209347}.Debug|Any CPU.Build.0 = Debug|Any CPU
		{3749779F-4050-4847-AF34-DA6698209347}.Release|Any CPU.ActiveCfg = Release|Any CPU
		{3749779F-4050-4847-AF34-DA6698209347}.Release|Any CPU.Build.0 = Release|Any CPU
		{1527472C-9D63-429C-9CAB-6CF572EFA877}.Debug|Any CPU.ActiveCfg = Debug|Any CPU
		{1527472C-9D63-429C-9CAB-6CF572EFA877}.Debug|Any CPU.Build.0 = Debug|Any CPU
		{1527472C-9D63-429C-9CAB-6CF572EFA877}.Release|Any CPU.ActiveCfg = Release|Any CPU
		{1527472C-9D63-429C-9CAB-6CF572EFA877}.Release|Any CPU.Build.0 = Release|Any CPU
		{879D9B12-2F17-44ED-A9D7-3E9C0F71E171}.Debug|Any CPU.ActiveCfg = Debug|Any CPU
		{879D9B12-2F17-44ED-A9D7-3E9C0F71E171}.Debug|Any CPU.Build.0 = Debug|Any CPU
		{879D9B12-2F17-44ED-A9D7-3E9C0F71E171}.Release|Any CPU.ActiveCfg = Release|Any CPU
		{879D9B12-2F17-44ED-A9D7-3E9C0F71E171}.Release|Any CPU.Build.0 = Release|Any CPU
		{324A15D8-B0CB-4142-9A62-C7CAA3F9BE07}.Debug|Any CPU.ActiveCfg = Debug|Any CPU
		{324A15D8-B0CB-4142-9A62-C7CAA3F9BE07}.Debug|Any CPU.Build.0 = Debug|Any CPU
		{324A15D8-B0CB-4142-9A62-C7CAA3F9BE07}.Release|Any CPU.ActiveCfg = Release|Any CPU
		{324A15D8-B0CB-4142-9A62-C7CAA3F9BE07}.Release|Any CPU.Build.0 = Release|Any CPU
		{5BBFDA24-17EB-4778-8369-35D461F894D1}.Debug|Any CPU.ActiveCfg = Debug|Any CPU
		{5BBFDA24-17EB-4778-8369-35D461F894D1}.Debug|Any CPU.Build.0 = Debug|Any CPU
		{5BBFDA24-17EB-4778-8369-35D461F894D1}.Release|Any CPU.ActiveCfg = Release|Any CPU
		{5BBFDA24-17EB-4778-8369-35D461F894D1}.Release|Any CPU.Build.0 = Release|Any CPU
		{9A9662DC-8877-4E7F-B16F-6949A4A53830}.Debug|Any CPU.ActiveCfg = Debug|Any CPU
		{9A9662DC-8877-4E7F-B16F-6949A4A53830}.Debug|Any CPU.Build.0 = Debug|Any CPU
		{9A9662DC-8877-4E7F-B16F-6949A4A53830}.Release|Any CPU.ActiveCfg = Release|Any CPU
		{9A9662DC-8877-4E7F-B16F-6949A4A53830}.Release|Any CPU.Build.0 = Release|Any CPU
		{9BD40D09-7662-4A5C-A052-D36AC733AF52}.Debug|Any CPU.ActiveCfg = Debug|Any CPU
		{9BD40D09-7662-4A5C-A052-D36AC733AF52}.Debug|Any CPU.Build.0 = Debug|Any CPU
		{9BD40D09-7662-4A5C-A052-D36AC733AF52}.Release|Any CPU.ActiveCfg = Release|Any CPU
		{9BD40D09-7662-4A5C-A052-D36AC733AF52}.Release|Any CPU.Build.0 = Release|Any CPU
		{45239668-1655-4613-951D-E091EBC38A72}.Debug|Any CPU.ActiveCfg = Debug|Any CPU
		{45239668-1655-4613-951D-E091EBC38A72}.Debug|Any CPU.Build.0 = Debug|Any CPU
		{45239668-1655-4613-951D-E091EBC38A72}.Release|Any CPU.ActiveCfg = Release|Any CPU
		{45239668-1655-4613-951D-E091EBC38A72}.Release|Any CPU.Build.0 = Release|Any CPU
		{9E7948C1-5BA3-4CEA-BB21-5F8262163C32}.Debug|Any CPU.ActiveCfg = Debug|Any CPU
		{9E7948C1-5BA3-4CEA-BB21-5F8262163C32}.Debug|Any CPU.Build.0 = Debug|Any CPU
		{9E7948C1-5BA3-4CEA-BB21-5F8262163C32}.Release|Any CPU.ActiveCfg = Release|Any CPU
		{9E7948C1-5BA3-4CEA-BB21-5F8262163C32}.Release|Any CPU.Build.0 = Release|Any CPU
		{A61DB97F-8D50-4E17-ABF1-92FC76C038D6}.Debug|Any CPU.ActiveCfg = Debug|Any CPU
		{A61DB97F-8D50-4E17-ABF1-92FC76C038D6}.Debug|Any CPU.Build.0 = Debug|Any CPU
		{A61DB97F-8D50-4E17-ABF1-92FC76C038D6}.Release|Any CPU.ActiveCfg = Release|Any CPU
		{A61DB97F-8D50-4E17-ABF1-92FC76C038D6}.Release|Any CPU.Build.0 = Release|Any CPU
		{C9439B37-568D-4024-BD79-3720395019FB}.Debug|Any CPU.ActiveCfg = Debug|Any CPU
		{C9439B37-568D-4024-BD79-3720395019FB}.Debug|Any CPU.Build.0 = Debug|Any CPU
		{C9439B37-568D-4024-BD79-3720395019FB}.Release|Any CPU.ActiveCfg = Release|Any CPU
		{C9439B37-568D-4024-BD79-3720395019FB}.Release|Any CPU.Build.0 = Release|Any CPU
		{508A1388-AC28-46ED-9C73-3CA800AFE397}.Debug|Any CPU.ActiveCfg = Debug|Any CPU
		{508A1388-AC28-46ED-9C73-3CA800AFE397}.Debug|Any CPU.Build.0 = Debug|Any CPU
		{508A1388-AC28-46ED-9C73-3CA800AFE397}.Release|Any CPU.ActiveCfg = Release|Any CPU
		{508A1388-AC28-46ED-9C73-3CA800AFE397}.Release|Any CPU.Build.0 = Release|Any CPU
		{6C0B718D-D05B-4F5D-AA5B-A2AFA9B105BD}.Debug|Any CPU.ActiveCfg = Debug|Any CPU
		{6C0B718D-D05B-4F5D-AA5B-A2AFA9B105BD}.Debug|Any CPU.Build.0 = Debug|Any CPU
		{6C0B718D-D05B-4F5D-AA5B-A2AFA9B105BD}.Release|Any CPU.ActiveCfg = Release|Any CPU
		{6C0B718D-D05B-4F5D-AA5B-A2AFA9B105BD}.Release|Any CPU.Build.0 = Release|Any CPU
		{70EE7804-4B77-4B79-8FAB-6B894CE98462}.Debug|Any CPU.ActiveCfg = Debug|Any CPU
		{70EE7804-4B77-4B79-8FAB-6B894CE98462}.Debug|Any CPU.Build.0 = Debug|Any CPU
		{70EE7804-4B77-4B79-8FAB-6B894CE98462}.Release|Any CPU.ActiveCfg = Release|Any CPU
		{70EE7804-4B77-4B79-8FAB-6B894CE98462}.Release|Any CPU.Build.0 = Release|Any CPU
		{6498546D-43F1-4F4A-91F7-8BD09B9E4E06}.Debug|Any CPU.ActiveCfg = Debug|Any CPU
		{6498546D-43F1-4F4A-91F7-8BD09B9E4E06}.Debug|Any CPU.Build.0 = Debug|Any CPU
		{6498546D-43F1-4F4A-91F7-8BD09B9E4E06}.Release|Any CPU.ActiveCfg = Release|Any CPU
		{6498546D-43F1-4F4A-91F7-8BD09B9E4E06}.Release|Any CPU.Build.0 = Release|Any CPU
		{183F90B4-2DEE-46FA-B241-6259C93AEFA8}.Debug|Any CPU.ActiveCfg = Debug|Any CPU
		{183F90B4-2DEE-46FA-B241-6259C93AEFA8}.Debug|Any CPU.Build.0 = Debug|Any CPU
		{183F90B4-2DEE-46FA-B241-6259C93AEFA8}.Release|Any CPU.ActiveCfg = Release|Any CPU
		{183F90B4-2DEE-46FA-B241-6259C93AEFA8}.Release|Any CPU.Build.0 = Release|Any CPU
		{DF02DA41-E9DB-4BF8-B0ED-FBE6BC7B1ECC}.Debug|Any CPU.ActiveCfg = Debug|Any CPU
		{DF02DA41-E9DB-4BF8-B0ED-FBE6BC7B1ECC}.Debug|Any CPU.Build.0 = Debug|Any CPU
		{DF02DA41-E9DB-4BF8-B0ED-FBE6BC7B1ECC}.Release|Any CPU.ActiveCfg = Release|Any CPU
		{DF02DA41-E9DB-4BF8-B0ED-FBE6BC7B1ECC}.Release|Any CPU.Build.0 = Release|Any CPU
		{66B49A6D-6370-4B21-81B5-98B5F73F5EF3}.Debug|Any CPU.ActiveCfg = Debug|Any CPU
		{66B49A6D-6370-4B21-81B5-98B5F73F5EF3}.Debug|Any CPU.Build.0 = Debug|Any CPU
		{66B49A6D-6370-4B21-81B5-98B5F73F5EF3}.Release|Any CPU.ActiveCfg = Release|Any CPU
		{66B49A6D-6370-4B21-81B5-98B5F73F5EF3}.Release|Any CPU.Build.0 = Release|Any CPU
		{1021AD4A-0876-4E08-895B-21F52DAD35E0}.Debug|Any CPU.ActiveCfg = Debug|Any CPU
		{1021AD4A-0876-4E08-895B-21F52DAD35E0}.Debug|Any CPU.Build.0 = Debug|Any CPU
		{1021AD4A-0876-4E08-895B-21F52DAD35E0}.Release|Any CPU.ActiveCfg = Release|Any CPU
		{1021AD4A-0876-4E08-895B-21F52DAD35E0}.Release|Any CPU.Build.0 = Release|Any CPU
		{8BED4014-8DFA-48F3-86C5-BA5D7AE99875}.Debug|Any CPU.ActiveCfg = Debug|Any CPU
		{8BED4014-8DFA-48F3-86C5-BA5D7AE99875}.Debug|Any CPU.Build.0 = Debug|Any CPU
		{8BED4014-8DFA-48F3-86C5-BA5D7AE99875}.Release|Any CPU.ActiveCfg = Release|Any CPU
		{8BED4014-8DFA-48F3-86C5-BA5D7AE99875}.Release|Any CPU.Build.0 = Release|Any CPU
		{C13E9E7E-3A72-4C7D-9A09-EBBFCCFAEB44}.Debug|Any CPU.ActiveCfg = Debug|Any CPU
		{C13E9E7E-3A72-4C7D-9A09-EBBFCCFAEB44}.Debug|Any CPU.Build.0 = Debug|Any CPU
		{C13E9E7E-3A72-4C7D-9A09-EBBFCCFAEB44}.Release|Any CPU.ActiveCfg = Release|Any CPU
		{C13E9E7E-3A72-4C7D-9A09-EBBFCCFAEB44}.Release|Any CPU.Build.0 = Release|Any CPU
		{CEB1E188-D919-47A9-A006-8DCDF0FA428C}.Debug|Any CPU.ActiveCfg = Debug|Any CPU
		{CEB1E188-D919-47A9-A006-8DCDF0FA428C}.Debug|Any CPU.Build.0 = Debug|Any CPU
		{CEB1E188-D919-47A9-A006-8DCDF0FA428C}.Release|Any CPU.ActiveCfg = Release|Any CPU
		{CEB1E188-D919-47A9-A006-8DCDF0FA428C}.Release|Any CPU.Build.0 = Release|Any CPU
		{88BCE881-29C5-4B85-8A9B-FBEEFFCF26A6}.Debug|Any CPU.ActiveCfg = Debug|Any CPU
		{88BCE881-29C5-4B85-8A9B-FBEEFFCF26A6}.Debug|Any CPU.Build.0 = Debug|Any CPU
		{88BCE881-29C5-4B85-8A9B-FBEEFFCF26A6}.Release|Any CPU.ActiveCfg = Release|Any CPU
		{88BCE881-29C5-4B85-8A9B-FBEEFFCF26A6}.Release|Any CPU.Build.0 = Release|Any CPU
		{546D79B0-39A4-4494-BB7B-5FE7442C0C80}.Debug|Any CPU.ActiveCfg = Debug|Any CPU
		{546D79B0-39A4-4494-BB7B-5FE7442C0C80}.Debug|Any CPU.Build.0 = Debug|Any CPU
		{546D79B0-39A4-4494-BB7B-5FE7442C0C80}.Release|Any CPU.ActiveCfg = Release|Any CPU
		{546D79B0-39A4-4494-BB7B-5FE7442C0C80}.Release|Any CPU.Build.0 = Release|Any CPU
		{A06EE4C4-8869-4805-9FF9-2655E795E6F1}.Debug|Any CPU.ActiveCfg = Debug|Any CPU
		{A06EE4C4-8869-4805-9FF9-2655E795E6F1}.Debug|Any CPU.Build.0 = Debug|Any CPU
		{A06EE4C4-8869-4805-9FF9-2655E795E6F1}.Release|Any CPU.ActiveCfg = Release|Any CPU
		{A06EE4C4-8869-4805-9FF9-2655E795E6F1}.Release|Any CPU.Build.0 = Release|Any CPU
		{2B7F75B1-7BE0-4292-A766-0A25E8720602}.Debug|Any CPU.ActiveCfg = Debug|Any CPU
		{2B7F75B1-7BE0-4292-A766-0A25E8720602}.Debug|Any CPU.Build.0 = Debug|Any CPU
		{2B7F75B1-7BE0-4292-A766-0A25E8720602}.Release|Any CPU.ActiveCfg = Release|Any CPU
		{2B7F75B1-7BE0-4292-A766-0A25E8720602}.Release|Any CPU.Build.0 = Release|Any CPU
		{4A290397-C247-467F-BBFC-6BE2654D0CD8}.Debug|Any CPU.ActiveCfg = Debug|Any CPU
		{4A290397-C247-467F-BBFC-6BE2654D0CD8}.Debug|Any CPU.Build.0 = Debug|Any CPU
		{4A290397-C247-467F-BBFC-6BE2654D0CD8}.Release|Any CPU.ActiveCfg = Release|Any CPU
		{4A290397-C247-467F-BBFC-6BE2654D0CD8}.Release|Any CPU.Build.0 = Release|Any CPU
		{48526468-ECE9-4AB7-BD2A-6964BAE6976C}.Debug|Any CPU.ActiveCfg = Debug|Any CPU
		{48526468-ECE9-4AB7-BD2A-6964BAE6976C}.Debug|Any CPU.Build.0 = Debug|Any CPU
		{48526468-ECE9-4AB7-BD2A-6964BAE6976C}.Release|Any CPU.ActiveCfg = Release|Any CPU
		{48526468-ECE9-4AB7-BD2A-6964BAE6976C}.Release|Any CPU.Build.0 = Release|Any CPU
		{F9EDC9C4-32E4-4534-81F9-B183831E13B7}.Debug|Any CPU.ActiveCfg = Debug|Any CPU
		{F9EDC9C4-32E4-4534-81F9-B183831E13B7}.Debug|Any CPU.Build.0 = Debug|Any CPU
		{F9EDC9C4-32E4-4534-81F9-B183831E13B7}.Release|Any CPU.ActiveCfg = Release|Any CPU
		{F9EDC9C4-32E4-4534-81F9-B183831E13B7}.Release|Any CPU.Build.0 = Release|Any CPU
		{E99F86D7-A6F2-46A4-870C-1DDC12F32864}.Debug|Any CPU.ActiveCfg = Debug|Any CPU
		{E99F86D7-A6F2-46A4-870C-1DDC12F32864}.Debug|Any CPU.Build.0 = Debug|Any CPU
		{E99F86D7-A6F2-46A4-870C-1DDC12F32864}.Release|Any CPU.ActiveCfg = Release|Any CPU
		{E99F86D7-A6F2-46A4-870C-1DDC12F32864}.Release|Any CPU.Build.0 = Release|Any CPU
		{4CA4F857-EE02-48B8-B04D-2FEB0E4B93AE}.Debug|Any CPU.ActiveCfg = Debug|Any CPU
		{4CA4F857-EE02-48B8-B04D-2FEB0E4B93AE}.Debug|Any CPU.Build.0 = Debug|Any CPU
		{4CA4F857-EE02-48B8-B04D-2FEB0E4B93AE}.Release|Any CPU.ActiveCfg = Release|Any CPU
		{4CA4F857-EE02-48B8-B04D-2FEB0E4B93AE}.Release|Any CPU.Build.0 = Release|Any CPU
		{CFF0DF34-8A91-4132-A5C6-FB7340287AF9}.Debug|Any CPU.ActiveCfg = Debug|Any CPU
		{CFF0DF34-8A91-4132-A5C6-FB7340287AF9}.Debug|Any CPU.Build.0 = Debug|Any CPU
		{CFF0DF34-8A91-4132-A5C6-FB7340287AF9}.Release|Any CPU.ActiveCfg = Release|Any CPU
		{CFF0DF34-8A91-4132-A5C6-FB7340287AF9}.Release|Any CPU.Build.0 = Release|Any CPU
		{E5CBDDA2-1F54-44DB-BCFF-3C74C33FA96A}.Debug|Any CPU.ActiveCfg = Debug|Any CPU
		{E5CBDDA2-1F54-44DB-BCFF-3C74C33FA96A}.Debug|Any CPU.Build.0 = Debug|Any CPU
		{E5CBDDA2-1F54-44DB-BCFF-3C74C33FA96A}.Release|Any CPU.ActiveCfg = Release|Any CPU
		{E5CBDDA2-1F54-44DB-BCFF-3C74C33FA96A}.Release|Any CPU.Build.0 = Release|Any CPU
		{61EF5826-5B29-4AD1-8780-0C20487681BE}.Debug|Any CPU.ActiveCfg = Debug|Any CPU
		{61EF5826-5B29-4AD1-8780-0C20487681BE}.Debug|Any CPU.Build.0 = Debug|Any CPU
		{61EF5826-5B29-4AD1-8780-0C20487681BE}.Release|Any CPU.ActiveCfg = Release|Any CPU
		{61EF5826-5B29-4AD1-8780-0C20487681BE}.Release|Any CPU.Build.0 = Release|Any CPU
		{EB471510-2D79-4533-A041-39518457CC28}.Debug|Any CPU.ActiveCfg = Debug|Any CPU
		{EB471510-2D79-4533-A041-39518457CC28}.Debug|Any CPU.Build.0 = Debug|Any CPU
		{EB471510-2D79-4533-A041-39518457CC28}.Release|Any CPU.ActiveCfg = Release|Any CPU
		{EB471510-2D79-4533-A041-39518457CC28}.Release|Any CPU.Build.0 = Release|Any CPU
		{ABCFE6F2-9F37-41F5-AF59-B3DA5BD752D9}.Debug|Any CPU.ActiveCfg = Debug|Any CPU
		{ABCFE6F2-9F37-41F5-AF59-B3DA5BD752D9}.Debug|Any CPU.Build.0 = Debug|Any CPU
		{ABCFE6F2-9F37-41F5-AF59-B3DA5BD752D9}.Release|Any CPU.ActiveCfg = Release|Any CPU
		{ABCFE6F2-9F37-41F5-AF59-B3DA5BD752D9}.Release|Any CPU.Build.0 = Release|Any CPU
		{42C8802B-7612-4034-B89F-0B8CD1C88ED4}.Debug|Any CPU.ActiveCfg = Debug|Any CPU
		{42C8802B-7612-4034-B89F-0B8CD1C88ED4}.Debug|Any CPU.Build.0 = Debug|Any CPU
		{42C8802B-7612-4034-B89F-0B8CD1C88ED4}.Release|Any CPU.ActiveCfg = Release|Any CPU
		{42C8802B-7612-4034-B89F-0B8CD1C88ED4}.Release|Any CPU.Build.0 = Release|Any CPU
		{DFEA99CD-1F0C-4FA5-9F60-EFB97267B89B}.Debug|Any CPU.ActiveCfg = Debug|Any CPU
		{DFEA99CD-1F0C-4FA5-9F60-EFB97267B89B}.Debug|Any CPU.Build.0 = Debug|Any CPU
		{DFEA99CD-1F0C-4FA5-9F60-EFB97267B89B}.Release|Any CPU.ActiveCfg = Release|Any CPU
		{DFEA99CD-1F0C-4FA5-9F60-EFB97267B89B}.Release|Any CPU.Build.0 = Release|Any CPU
		{BB719597-06BE-4E2F-9952-7A80351C85FE}.Debug|Any CPU.ActiveCfg = Debug|Any CPU
		{BB719597-06BE-4E2F-9952-7A80351C85FE}.Debug|Any CPU.Build.0 = Debug|Any CPU
		{BB719597-06BE-4E2F-9952-7A80351C85FE}.Release|Any CPU.ActiveCfg = Release|Any CPU
		{BB719597-06BE-4E2F-9952-7A80351C85FE}.Release|Any CPU.Build.0 = Release|Any CPU
		{33620776-03A0-4311-BEEC-E69FDE7FAA10}.Debug|Any CPU.ActiveCfg = Debug|Any CPU
		{33620776-03A0-4311-BEEC-E69FDE7FAA10}.Debug|Any CPU.Build.0 = Debug|Any CPU
		{33620776-03A0-4311-BEEC-E69FDE7FAA10}.Release|Any CPU.ActiveCfg = Release|Any CPU
		{33620776-03A0-4311-BEEC-E69FDE7FAA10}.Release|Any CPU.Build.0 = Release|Any CPU
		{A1153324-5097-4BDE-B91A-49A204BFAD65}.Debug|Any CPU.ActiveCfg = Debug|Any CPU
		{A1153324-5097-4BDE-B91A-49A204BFAD65}.Debug|Any CPU.Build.0 = Debug|Any CPU
		{A1153324-5097-4BDE-B91A-49A204BFAD65}.Release|Any CPU.ActiveCfg = Release|Any CPU
		{A1153324-5097-4BDE-B91A-49A204BFAD65}.Release|Any CPU.Build.0 = Release|Any CPU
		{81B345E9-F52B-417A-9893-84F2849C6079}.Debug|Any CPU.ActiveCfg = Debug|Any CPU
		{81B345E9-F52B-417A-9893-84F2849C6079}.Debug|Any CPU.Build.0 = Debug|Any CPU
		{81B345E9-F52B-417A-9893-84F2849C6079}.Release|Any CPU.ActiveCfg = Release|Any CPU
		{81B345E9-F52B-417A-9893-84F2849C6079}.Release|Any CPU.Build.0 = Release|Any CPU
		{71BB6E84-C6F1-456E-A974-84687177068F}.Debug|Any CPU.ActiveCfg = Debug|Any CPU
		{71BB6E84-C6F1-456E-A974-84687177068F}.Debug|Any CPU.Build.0 = Debug|Any CPU
		{71BB6E84-C6F1-456E-A974-84687177068F}.Release|Any CPU.ActiveCfg = Release|Any CPU
		{71BB6E84-C6F1-456E-A974-84687177068F}.Release|Any CPU.Build.0 = Release|Any CPU
		{30211798-4D78-4E8E-B024-D6A7FB7C34DE}.Debug|Any CPU.ActiveCfg = Debug|Any CPU
		{30211798-4D78-4E8E-B024-D6A7FB7C34DE}.Debug|Any CPU.Build.0 = Debug|Any CPU
		{30211798-4D78-4E8E-B024-D6A7FB7C34DE}.Release|Any CPU.ActiveCfg = Release|Any CPU
		{30211798-4D78-4E8E-B024-D6A7FB7C34DE}.Release|Any CPU.Build.0 = Release|Any CPU
		{04CFD0D8-39B7-4B8D-A029-1BB2FC454DA2}.Debug|Any CPU.ActiveCfg = Debug|Any CPU
		{04CFD0D8-39B7-4B8D-A029-1BB2FC454DA2}.Debug|Any CPU.Build.0 = Debug|Any CPU
		{04CFD0D8-39B7-4B8D-A029-1BB2FC454DA2}.Release|Any CPU.ActiveCfg = Release|Any CPU
		{04CFD0D8-39B7-4B8D-A029-1BB2FC454DA2}.Release|Any CPU.Build.0 = Release|Any CPU
		{14FE9A43-1A16-4CC4-9EF5-8F0E22EBB8C0}.Debug|Any CPU.ActiveCfg = Debug|Any CPU
		{14FE9A43-1A16-4CC4-9EF5-8F0E22EBB8C0}.Debug|Any CPU.Build.0 = Debug|Any CPU
		{14FE9A43-1A16-4CC4-9EF5-8F0E22EBB8C0}.Release|Any CPU.ActiveCfg = Release|Any CPU
		{14FE9A43-1A16-4CC4-9EF5-8F0E22EBB8C0}.Release|Any CPU.Build.0 = Release|Any CPU
		{D8938A4C-88E9-474A-A303-45FD5683D837}.Debug|Any CPU.ActiveCfg = Debug|Any CPU
		{D8938A4C-88E9-474A-A303-45FD5683D837}.Debug|Any CPU.Build.0 = Debug|Any CPU
		{D8938A4C-88E9-474A-A303-45FD5683D837}.Release|Any CPU.ActiveCfg = Release|Any CPU
		{D8938A4C-88E9-474A-A303-45FD5683D837}.Release|Any CPU.Build.0 = Release|Any CPU
		{FB89916A-1ECB-4AA5-888F-8C11F647374D}.Debug|Any CPU.ActiveCfg = Debug|Any CPU
		{FB89916A-1ECB-4AA5-888F-8C11F647374D}.Debug|Any CPU.Build.0 = Debug|Any CPU
		{FB89916A-1ECB-4AA5-888F-8C11F647374D}.Release|Any CPU.ActiveCfg = Release|Any CPU
		{FB89916A-1ECB-4AA5-888F-8C11F647374D}.Release|Any CPU.Build.0 = Release|Any CPU
		{5AD6F1C5-05FB-41B9-A8A4-7AAC2C7C78F4}.Debug|Any CPU.ActiveCfg = Debug|Any CPU
		{5AD6F1C5-05FB-41B9-A8A4-7AAC2C7C78F4}.Debug|Any CPU.Build.0 = Debug|Any CPU
		{5AD6F1C5-05FB-41B9-A8A4-7AAC2C7C78F4}.Release|Any CPU.ActiveCfg = Release|Any CPU
		{5AD6F1C5-05FB-41B9-A8A4-7AAC2C7C78F4}.Release|Any CPU.Build.0 = Release|Any CPU
	EndGlobalSection
	GlobalSection(SolutionProperties) = preSolution
		HideSolutionNode = FALSE
	EndGlobalSection
	GlobalSection(NestedProjects) = preSolution
		{696373B6-197F-4E5D-AC49-649E46D4C20E} = {C581030E-4957-438C-A2A9-0E98A3AE86A8}
		{D627C438-F80E-44DF-993A-27D374380887} = {C581030E-4957-438C-A2A9-0E98A3AE86A8}
		{F286B384-5CB5-437F-8637-CF492457CFEC} = {C581030E-4957-438C-A2A9-0E98A3AE86A8}
		{BE20BD4C-018E-42D9-AFB6-C645D98E2F58} = {C581030E-4957-438C-A2A9-0E98A3AE86A8}
		{B398D1DD-4406-4A37-9687-882132A46F3E} = {C581030E-4957-438C-A2A9-0E98A3AE86A8}
		{42ABAE0A-82C0-4BF7-AD76-E747F7D4EA65} = {C581030E-4957-438C-A2A9-0E98A3AE86A8}
		{D26D3032-3E78-4920-A3CA-A28147768932} = {C581030E-4957-438C-A2A9-0E98A3AE86A8}
		{F28A7485-FC81-4041-AF38-EB0603908832} = {C581030E-4957-438C-A2A9-0E98A3AE86A8}
		{41C6B9EA-8D57-4ED8-9EB4-3C76483F38EA} = {C581030E-4957-438C-A2A9-0E98A3AE86A8}
		{EA9C9B10-2751-4EBC-B50C-4D9B5D36B32D} = {C581030E-4957-438C-A2A9-0E98A3AE86A8}
		{9ED8C355-A386-4068-9C23-38983C0FF885} = {C581030E-4957-438C-A2A9-0E98A3AE86A8}
		{9D8298D5-E08F-4A28-B17E-3CE78BEEAACE} = {C581030E-4957-438C-A2A9-0E98A3AE86A8}
		{3593D11D-02D2-41E4-AA2E-93995A6942C3} = {C581030E-4957-438C-A2A9-0E98A3AE86A8}
		{E3EBF351-D33E-43E6-ADF8-A8688C6C0609} = {C581030E-4957-438C-A2A9-0E98A3AE86A8}
		{7BF15686-D9C3-4F6B-B696-E79CACF47E69} = {C581030E-4957-438C-A2A9-0E98A3AE86A8}
		{1C1C4429-92B9-4FBF-AFF6-D874E60CA5F6} = {C581030E-4957-438C-A2A9-0E98A3AE86A8}
		{5174DE51-F1D7-4FFB-AAB8-E1BAEDA94B40} = {C581030E-4957-438C-A2A9-0E98A3AE86A8}
		{2EE7C9C0-553E-4E87-9996-15F19EDD8CB1} = {F286B384-5CB5-437F-8637-CF492457CFEC}
		{13371851-D5AD-4C44-934A-D6E9ECEF2D74} = {F286B384-5CB5-437F-8637-CF492457CFEC}
		{D97993EB-8357-4CE2-8B81-47387A3DCF1E} = {F286B384-5CB5-437F-8637-CF492457CFEC}
		{3749779F-4050-4847-AF34-DA6698209347} = {F286B384-5CB5-437F-8637-CF492457CFEC}
		{1527472C-9D63-429C-9CAB-6CF572EFA877} = {F286B384-5CB5-437F-8637-CF492457CFEC}
		{879D9B12-2F17-44ED-A9D7-3E9C0F71E171} = {F286B384-5CB5-437F-8637-CF492457CFEC}
		{324A15D8-B0CB-4142-9A62-C7CAA3F9BE07} = {BE20BD4C-018E-42D9-AFB6-C645D98E2F58}
		{5BBFDA24-17EB-4778-8369-35D461F894D1} = {BE20BD4C-018E-42D9-AFB6-C645D98E2F58}
		{9A9662DC-8877-4E7F-B16F-6949A4A53830} = {BE20BD4C-018E-42D9-AFB6-C645D98E2F58}
		{9BD40D09-7662-4A5C-A052-D36AC733AF52} = {BE20BD4C-018E-42D9-AFB6-C645D98E2F58}
		{45239668-1655-4613-951D-E091EBC38A72} = {BE20BD4C-018E-42D9-AFB6-C645D98E2F58}
		{9E7948C1-5BA3-4CEA-BB21-5F8262163C32} = {BE20BD4C-018E-42D9-AFB6-C645D98E2F58}
		{A61DB97F-8D50-4E17-ABF1-92FC76C038D6} = {BE20BD4C-018E-42D9-AFB6-C645D98E2F58}
		{C9439B37-568D-4024-BD79-3720395019FB} = {BE20BD4C-018E-42D9-AFB6-C645D98E2F58}
		{508A1388-AC28-46ED-9C73-3CA800AFE397} = {BE20BD4C-018E-42D9-AFB6-C645D98E2F58}
		{6C0B718D-D05B-4F5D-AA5B-A2AFA9B105BD} = {B398D1DD-4406-4A37-9687-882132A46F3E}
		{70EE7804-4B77-4B79-8FAB-6B894CE98462} = {B398D1DD-4406-4A37-9687-882132A46F3E}
		{6498546D-43F1-4F4A-91F7-8BD09B9E4E06} = {42ABAE0A-82C0-4BF7-AD76-E747F7D4EA65}
		{183F90B4-2DEE-46FA-B241-6259C93AEFA8} = {42ABAE0A-82C0-4BF7-AD76-E747F7D4EA65}
		{DF02DA41-E9DB-4BF8-B0ED-FBE6BC7B1ECC} = {42ABAE0A-82C0-4BF7-AD76-E747F7D4EA65}
		{66B49A6D-6370-4B21-81B5-98B5F73F5EF3} = {42ABAE0A-82C0-4BF7-AD76-E747F7D4EA65}
		{1021AD4A-0876-4E08-895B-21F52DAD35E0} = {D26D3032-3E78-4920-A3CA-A28147768932}
		{8BED4014-8DFA-48F3-86C5-BA5D7AE99875} = {3593D11D-02D2-41E4-AA2E-93995A6942C3}
		{C13E9E7E-3A72-4C7D-9A09-EBBFCCFAEB44} = {3593D11D-02D2-41E4-AA2E-93995A6942C3}
		{CEB1E188-D919-47A9-A006-8DCDF0FA428C} = {3593D11D-02D2-41E4-AA2E-93995A6942C3}
		{88BCE881-29C5-4B85-8A9B-FBEEFFCF26A6} = {696373B6-197F-4E5D-AC49-649E46D4C20E}
		{546D79B0-39A4-4494-BB7B-5FE7442C0C80} = {696373B6-197F-4E5D-AC49-649E46D4C20E}
		{A06EE4C4-8869-4805-9FF9-2655E795E6F1} = {D627C438-F80E-44DF-993A-27D374380887}
		{2B7F75B1-7BE0-4292-A766-0A25E8720602} = {9ED8C355-A386-4068-9C23-38983C0FF885}
		{4A290397-C247-467F-BBFC-6BE2654D0CD8} = {3593D11D-02D2-41E4-AA2E-93995A6942C3}
		{48526468-ECE9-4AB7-BD2A-6964BAE6976C} = {9ED8C355-A386-4068-9C23-38983C0FF885}
		{42F4CD20-E366-489B-9090-8B817F9DFAE6} = {9ED8C355-A386-4068-9C23-38983C0FF885}
		{947CE22C-331B-4B9B-AFBD-8A8FE3692C81} = {9ED8C355-A386-4068-9C23-38983C0FF885}
		{F9EDC9C4-32E4-4534-81F9-B183831E13B7} = {42F4CD20-E366-489B-9090-8B817F9DFAE6}
		{E99F86D7-A6F2-46A4-870C-1DDC12F32864} = {42F4CD20-E366-489B-9090-8B817F9DFAE6}
		{4CA4F857-EE02-48B8-B04D-2FEB0E4B93AE} = {42F4CD20-E366-489B-9090-8B817F9DFAE6}
		{CFF0DF34-8A91-4132-A5C6-FB7340287AF9} = {947CE22C-331B-4B9B-AFBD-8A8FE3692C81}
		{E5CBDDA2-1F54-44DB-BCFF-3C74C33FA96A} = {947CE22C-331B-4B9B-AFBD-8A8FE3692C81}
		{61EF5826-5B29-4AD1-8780-0C20487681BE} = {947CE22C-331B-4B9B-AFBD-8A8FE3692C81}
		{EB471510-2D79-4533-A041-39518457CC28} = {9ED8C355-A386-4068-9C23-38983C0FF885}
		{ABCFE6F2-9F37-41F5-AF59-B3DA5BD752D9} = {696373B6-197F-4E5D-AC49-649E46D4C20E}
		{42C8802B-7612-4034-B89F-0B8CD1C88ED4} = {D26D3032-3E78-4920-A3CA-A28147768932}
		{DFEA99CD-1F0C-4FA5-9F60-EFB97267B89B} = {696373B6-197F-4E5D-AC49-649E46D4C20E}
		{BB719597-06BE-4E2F-9952-7A80351C85FE} = {696373B6-197F-4E5D-AC49-649E46D4C20E}
		{33620776-03A0-4311-BEEC-E69FDE7FAA10} = {696373B6-197F-4E5D-AC49-649E46D4C20E}
		{A1153324-5097-4BDE-B91A-49A204BFAD65} = {F28A7485-FC81-4041-AF38-EB0603908832}
		{81B345E9-F52B-417A-9893-84F2849C6079} = {3593D11D-02D2-41E4-AA2E-93995A6942C3}
		{71BB6E84-C6F1-456E-A974-84687177068F} = {696373B6-197F-4E5D-AC49-649E46D4C20E}
		{30211798-4D78-4E8E-B024-D6A7FB7C34DE} = {F28A7485-FC81-4041-AF38-EB0603908832}
		{04CFD0D8-39B7-4B8D-A029-1BB2FC454DA2} = {EA9C9B10-2751-4EBC-B50C-4D9B5D36B32D}
		{14FE9A43-1A16-4CC4-9EF5-8F0E22EBB8C0} = {D627C438-F80E-44DF-993A-27D374380887}
		{D8938A4C-88E9-474A-A303-45FD5683D837} = {9D8298D5-E08F-4A28-B17E-3CE78BEEAACE}
		{FB89916A-1ECB-4AA5-888F-8C11F647374D} = {9D8298D5-E08F-4A28-B17E-3CE78BEEAACE}
		{5AD6F1C5-05FB-41B9-A8A4-7AAC2C7C78F4} = {BE20BD4C-018E-42D9-AFB6-C645D98E2F58}
	EndGlobalSection
	GlobalSection(ExtensibilityGlobals) = postSolution
		SolutionGuid = {9A88110C-6C4D-4227-A047-05BE7B639B9F}
	EndGlobalSection
EndGlobal
